
Microsoft Visual Studio Solution File, Format Version 12.00
# Visual Studio Version 17
VisualStudioVersion = 17.9.34607.119
MinimumVisualStudioVersion = 10.0.40219.1
Project("{9A19103F-16F7-4668-BE54-9A1E7A4F7556}") = "MVCCore-1", "MVCCore-1\MVCCore-1.csproj", "{BC0C5867-2DCB-49EC-87CC-D659630587E2}"
EndProject
Project("{9A19103F-16F7-4668-BE54-9A1E7A4F7556}") = "MVCCore-2", "MVCCore-2\MVCCore-2.csproj", "{EBDDDC4E-F2A9-4004-88D3-F7334D416684}"
EndProject
Project("{9A19103F-16F7-4668-BE54-9A1E7A4F7556}") = "MVCCore-3-ViewModel", "MVCCore-3-ViewModel\MVCCore-3-ViewModel.csproj", "{28E5A130-0AB9-47C6-BDA8-94E3561A52DB}"
EndProject
Project("{9A19103F-16F7-4668-BE54-9A1E7A4F7556}") = "MVCCore-4-Validations", "MVCCore-4-Validations\MVCCore-4-Validations.csproj", "{0F779A87-5AF0-4A7D-8DD8-6C1319DA8A83}"
EndProject
Project("{9A19103F-16F7-4668-BE54-9A1E7A4F7556}") = "MVCCore-5-Uygulama", "MVCCore-5-Uygulama\MVCCore-5-Uygulama.csproj", "{9B35368C-1D19-4159-B97C-2982D4638869}"
EndProject
Project("{9A19103F-16F7-4668-BE54-9A1E7A4F7556}") = "MVCCore-6-CookieSession", "MVCCore-6-CookieSession\MVCCore-6-CookieSession.csproj", "{61460783-1ED4-4A58-95F3-D03C18FC6EA6}"
EndProject
Project("{9A19103F-16F7-4668-BE54-9A1E7A4F7556}") = "MVCCore7Uygulama", "MVCCore7Uygulama\MVCCore7Uygulama.csproj", "{3B3C16F0-065B-4296-9BB0-3CC35BA5CF37}"
EndProject
Project("{FAE04EC0-301F-11D3-BF4B-00C04F79EFBC}") = "MVCCore8Identity", "MVCCore8Identity\MVCCore8Identity.csproj", "{52C0AAFA-6A41-4472-A864-58384BA7AA58}"
EndProject
Project("{FAE04EC0-301F-11D3-BF4B-00C04F79EFBC}") = "MVCCore9ManuelIdentity", "MVCCore9ManuelIdentity\MVCCore9ManuelIdentity.csproj", "{9CBC3581-442B-4CE4-969A-155CC3AF4335}"
EndProject
Project("{FAE04EC0-301F-11D3-BF4B-00C04F79EFBC}") = "MVCCore10IdentityTT", "MVCCore10IdentityTT\MVCCore10IdentityTT.csproj", "{C5B8589B-B5A7-4222-A867-6F2681EA0738}"
EndProject
Project("{FAE04EC0-301F-11D3-BF4B-00C04F79EFBC}") = "MVCCore11IdentityUygulama", "MVCCore11IdentityUygulama\MVCCore11IdentityUygulama.csproj", "{CC545375-8220-4DB8-B44D-8CCAF3B7242A}"
EndProject
Project("{FAE04EC0-301F-11D3-BF4B-00C04F79EFBC}") = "MVCCore12GenericRepository", "MVCCore12GenericRepository\MVCCore12GenericRepository.csproj", "{3D86FB05-DA6F-4CCC-81B3-4C8AAD6670C4}"
EndProject
Project("{FAE04EC0-301F-11D3-BF4B-00C04F79EFBC}") = "MVCCore13GenericRepository", "MVCCore13GenericRepository\MVCCore13GenericRepository.csproj", "{3EBD3597-9725-4CA1-8965-85B85816B2CA}"
EndProject
Project("{FAE04EC0-301F-11D3-BF4B-00C04F79EFBC}") = "MVCCore14ToDoDers", "MVCCore14ToDoDers\MVCCore14ToDoDers.csproj", "{4F09D1AB-CBE1-4465-B780-4A9F0162F535}"
EndProject
Global
	GlobalSection(SolutionConfigurationPlatforms) = preSolution
		Debug|Any CPU = Debug|Any CPU
		Release|Any CPU = Release|Any CPU
	EndGlobalSection
	GlobalSection(ProjectConfigurationPlatforms) = postSolution
		{BC0C5867-2DCB-49EC-87CC-D659630587E2}.Debug|Any CPU.ActiveCfg = Debug|Any CPU
		{BC0C5867-2DCB-49EC-87CC-D659630587E2}.Debug|Any CPU.Build.0 = Debug|Any CPU
		{BC0C5867-2DCB-49EC-87CC-D659630587E2}.Release|Any CPU.ActiveCfg = Release|Any CPU
		{BC0C5867-2DCB-49EC-87CC-D659630587E2}.Release|Any CPU.Build.0 = Release|Any CPU
		{EBDDDC4E-F2A9-4004-88D3-F7334D416684}.Debug|Any CPU.ActiveCfg = Debug|Any CPU
		{EBDDDC4E-F2A9-4004-88D3-F7334D416684}.Debug|Any CPU.Build.0 = Debug|Any CPU
		{EBDDDC4E-F2A9-4004-88D3-F7334D416684}.Release|Any CPU.ActiveCfg = Release|Any CPU
		{EBDDDC4E-F2A9-4004-88D3-F7334D416684}.Release|Any CPU.Build.0 = Release|Any CPU
		{28E5A130-0AB9-47C6-BDA8-94E3561A52DB}.Debug|Any CPU.ActiveCfg = Debug|Any CPU
		{28E5A130-0AB9-47C6-BDA8-94E3561A52DB}.Debug|Any CPU.Build.0 = Debug|Any CPU
		{28E5A130-0AB9-47C6-BDA8-94E3561A52DB}.Release|Any CPU.ActiveCfg = Release|Any CPU
		{28E5A130-0AB9-47C6-BDA8-94E3561A52DB}.Release|Any CPU.Build.0 = Release|Any CPU
		{0F779A87-5AF0-4A7D-8DD8-6C1319DA8A83}.Debug|Any CPU.ActiveCfg = Debug|Any CPU
		{0F779A87-5AF0-4A7D-8DD8-6C1319DA8A83}.Debug|Any CPU.Build.0 = Debug|Any CPU
		{0F779A87-5AF0-4A7D-8DD8-6C1319DA8A83}.Release|Any CPU.ActiveCfg = Release|Any CPU
		{0F779A87-5AF0-4A7D-8DD8-6C1319DA8A83}.Release|Any CPU.Build.0 = Release|Any CPU
		{9B35368C-1D19-4159-B97C-2982D4638869}.Debug|Any CPU.ActiveCfg = Debug|Any CPU
		{9B35368C-1D19-4159-B97C-2982D4638869}.Debug|Any CPU.Build.0 = Debug|Any CPU
		{9B35368C-1D19-4159-B97C-2982D4638869}.Release|Any CPU.ActiveCfg = Release|Any CPU
		{9B35368C-1D19-4159-B97C-2982D4638869}.Release|Any CPU.Build.0 = Release|Any CPU
		{61460783-1ED4-4A58-95F3-D03C18FC6EA6}.Debug|Any CPU.ActiveCfg = Debug|Any CPU
		{61460783-1ED4-4A58-95F3-D03C18FC6EA6}.Debug|Any CPU.Build.0 = Debug|Any CPU
		{61460783-1ED4-4A58-95F3-D03C18FC6EA6}.Release|Any CPU.ActiveCfg = Release|Any CPU
		{61460783-1ED4-4A58-95F3-D03C18FC6EA6}.Release|Any CPU.Build.0 = Release|Any CPU
		{3B3C16F0-065B-4296-9BB0-3CC35BA5CF37}.Debug|Any CPU.ActiveCfg = Debug|Any CPU
		{3B3C16F0-065B-4296-9BB0-3CC35BA5CF37}.Debug|Any CPU.Build.0 = Debug|Any CPU
		{3B3C16F0-065B-4296-9BB0-3CC35BA5CF37}.Release|Any CPU.ActiveCfg = Release|Any CPU
		{3B3C16F0-065B-4296-9BB0-3CC35BA5CF37}.Release|Any CPU.Build.0 = Release|Any CPU
		{52C0AAFA-6A41-4472-A864-58384BA7AA58}.Debug|Any CPU.ActiveCfg = Debug|Any CPU
		{52C0AAFA-6A41-4472-A864-58384BA7AA58}.Debug|Any CPU.Build.0 = Debug|Any CPU
		{52C0AAFA-6A41-4472-A864-58384BA7AA58}.Release|Any CPU.ActiveCfg = Release|Any CPU
		{52C0AAFA-6A41-4472-A864-58384BA7AA58}.Release|Any CPU.Build.0 = Release|Any CPU
		{9CBC3581-442B-4CE4-969A-155CC3AF4335}.Debug|Any CPU.ActiveCfg = Debug|Any CPU
		{9CBC3581-442B-4CE4-969A-155CC3AF4335}.Debug|Any CPU.Build.0 = Debug|Any CPU
		{9CBC3581-442B-4CE4-969A-155CC3AF4335}.Release|Any CPU.ActiveCfg = Release|Any CPU
		{9CBC3581-442B-4CE4-969A-155CC3AF4335}.Release|Any CPU.Build.0 = Release|Any CPU
		{C5B8589B-B5A7-4222-A867-6F2681EA0738}.Debug|Any CPU.ActiveCfg = Debug|Any CPU
		{C5B8589B-B5A7-4222-A867-6F2681EA0738}.Debug|Any CPU.Build.0 = Debug|Any CPU
		{C5B8589B-B5A7-4222-A867-6F2681EA0738}.Release|Any CPU.ActiveCfg = Release|Any CPU
		{C5B8589B-B5A7-4222-A867-6F2681EA0738}.Release|Any CPU.Build.0 = Release|Any CPU
		{CC545375-8220-4DB8-B44D-8CCAF3B7242A}.Debug|Any CPU.ActiveCfg = Debug|Any CPU
		{CC545375-8220-4DB8-B44D-8CCAF3B7242A}.Debug|Any CPU.Build.0 = Debug|Any CPU
		{CC545375-8220-4DB8-B44D-8CCAF3B7242A}.Release|Any CPU.ActiveCfg = Release|Any CPU
		{CC545375-8220-4DB8-B44D-8CCAF3B7242A}.Release|Any CPU.Build.0 = Release|Any CPU
		{3D86FB05-DA6F-4CCC-81B3-4C8AAD6670C4}.Debug|Any CPU.ActiveCfg = Debug|Any CPU
		{3D86FB05-DA6F-4CCC-81B3-4C8AAD6670C4}.Debug|Any CPU.Build.0 = Debug|Any CPU
		{3D86FB05-DA6F-4CCC-81B3-4C8AAD6670C4}.Release|Any CPU.ActiveCfg = Release|Any CPU
		{3D86FB05-DA6F-4CCC-81B3-4C8AAD6670C4}.Release|Any CPU.Build.0 = Release|Any CPU
		{3EBD3597-9725-4CA1-8965-85B85816B2CA}.Debug|Any CPU.ActiveCfg = Debug|Any CPU
		{3EBD3597-9725-4CA1-8965-85B85816B2CA}.Debug|Any CPU.Build.0 = Debug|Any CPU
		{3EBD3597-9725-4CA1-8965-85B85816B2CA}.Release|Any CPU.ActiveCfg = Release|Any CPU
		{3EBD3597-9725-4CA1-8965-85B85816B2CA}.Release|Any CPU.Build.0 = Release|Any CPU
		{4F09D1AB-CBE1-4465-B780-4A9F0162F535}.Debug|Any CPU.ActiveCfg = Debug|Any CPU
		{4F09D1AB-CBE1-4465-B780-4A9F0162F535}.Debug|Any CPU.Build.0 = Debug|Any CPU
		{4F09D1AB-CBE1-4465-B780-4A9F0162F535}.Release|Any CPU.ActiveCfg = Release|Any CPU
		{4F09D1AB-CBE1-4465-B780-4A9F0162F535}.Release|Any CPU.Build.0 = Release|Any CPU
	EndGlobalSection
	GlobalSection(SolutionProperties) = preSolution
		HideSolutionNode = FALSE
	EndGlobalSection
	GlobalSection(ExtensibilityGlobals) = postSolution
		SolutionGuid = {264CF101-9D91-462C-B5DA-2926B5AF07C1}
	EndGlobalSection
EndGlobal
