
Microsoft Visual Studio Solution File, Format Version 12.00
# Visual Studio Version 17
VisualStudioVersion = 17.9.34607.119
MinimumVisualStudioVersion = 10.0.40219.1
Project("{FAE04EC0-301F-11D3-BF4B-00C04F79EFBC}") = "MVCCore-1", "MVCCore-1\MVCCore-1.csproj", "{BC0C5867-2DCB-49EC-87CC-D659630587E2}"
EndProject
Project("{FAE04EC0-301F-11D3-BF4B-00C04F79EFBC}") = "MVCCore-2", "MVCCore-2\MVCCore-2.csproj", "{EBDDDC4E-F2A9-4004-88D3-F7334D416684}"
EndProject
Project("{FAE04EC0-301F-11D3-BF4B-00C04F79EFBC}") = "MVCCore-3-ViewModel", "MVCCore-3-ViewModel\MVCCore-3-ViewModel.csproj", "{28E5A130-0AB9-47C6-BDA8-94E3561A52DB}"
EndProject
Project("{FAE04EC0-301F-11D3-BF4B-00C04F79EFBC}") = "MVCCore-4-Validations", "MVCCore-4-Validations\MVCCore-4-Validations.csproj", "{0F779A87-5AF0-4A7D-8DD8-6C1319DA8A83}"
EndProject
Project("{FAE04EC0-301F-11D3-BF4B-00C04F79EFBC}") = "MVCCore-5-Uygulama", "MVCCore-5-Uygulama\MVCCore-5-Uygulama.csproj", "{9B35368C-1D19-4159-B97C-2982D4638869}"
EndProject
Project("{FAE04EC0-301F-11D3-BF4B-00C04F79EFBC}") = "MVCCore-6-CookieSession", "MVCCore-6-CookieSession\MVCCore-6-CookieSession.csproj", "{61460783-1ED4-4A58-95F3-D03C18FC6EA6}"
EndProject
Global
	GlobalSection(SolutionConfigurationPlatforms) = preSolution
		Debug|Any CPU = Debug|Any CPU
		Release|Any CPU = Release|Any CPU
	EndGlobalSection
	GlobalSection(ProjectConfigurationPlatforms) = postSolution
		{BC0C5867-2DCB-49EC-87CC-D659630587E2}.Debug|Any CPU.ActiveCfg = Debug|Any CPU
		{BC0C5867-2DCB-49EC-87CC-D659630587E2}.Debug|Any CPU.Build.0 = Debug|Any CPU
		{BC0C5867-2DCB-49EC-87CC-D659630587E2}.Release|Any CPU.ActiveCfg = Release|Any CPU
		{BC0C5867-2DCB-49EC-87CC-D659630587E2}.Release|Any CPU.Build.0 = Release|Any CPU
		{EBDDDC4E-F2A9-4004-88D3-F7334D416684}.Debug|Any CPU.ActiveCfg = Debug|Any CPU
		{EBDDDC4E-F2A9-4004-88D3-F7334D416684}.Debug|Any CPU.Build.0 = Debug|Any CPU
		{EBDDDC4E-F2A9-4004-88D3-F7334D416684}.Release|Any CPU.ActiveCfg = Release|Any CPU
		{EBDDDC4E-F2A9-4004-88D3-F7334D416684}.Release|Any CPU.Build.0 = Release|Any CPU
		{28E5A130-0AB9-47C6-BDA8-94E3561A52DB}.Debug|Any CPU.ActiveCfg = Debug|Any CPU
		{28E5A130-0AB9-47C6-BDA8-94E3561A52DB}.Debug|Any CPU.Build.0 = Debug|Any CPU
		{28E5A130-0AB9-47C6-BDA8-94E3561A52DB}.Release|Any CPU.ActiveCfg = Release|Any CPU
		{28E5A130-0AB9-47C6-BDA8-94E3561A52DB}.Release|Any CPU.Build.0 = Release|Any CPU
		{0F779A87-5AF0-4A7D-8DD8-6C1319DA8A83}.Debug|Any CPU.ActiveCfg = Debug|Any CPU
		{0F779A87-5AF0-4A7D-8DD8-6C1319DA8A83}.Debug|Any CPU.Build.0 = Debug|Any CPU
		{0F779A87-5AF0-4A7D-8DD8-6C1319DA8A83}.Release|Any CPU.ActiveCfg = Release|Any CPU
		{0F779A87-5AF0-4A7D-8DD8-6C1319DA8A83}.Release|Any CPU.Build.0 = Release|Any CPU
		{9B35368C-1D19-4159-B97C-2982D4638869}.Debug|Any CPU.ActiveCfg = Debug|Any CPU
		{9B35368C-1D19-4159-B97C-2982D4638869}.Debug|Any CPU.Build.0 = Debug|Any CPU
		{9B35368C-1D19-4159-B97C-2982D4638869}.Release|Any CPU.ActiveCfg = Release|Any CPU
		{9B35368C-1D19-4159-B97C-2982D4638869}.Release|Any CPU.Build.0 = Release|Any CPU
		{61460783-1ED4-4A58-95F3-D03C18FC6EA6}.Debug|Any CPU.ActiveCfg = Debug|Any CPU
		{61460783-1ED4-4A58-95F3-D03C18FC6EA6}.Debug|Any CPU.Build.0 = Debug|Any CPU
		{61460783-1ED4-4A58-95F3-D03C18FC6EA6}.Release|Any CPU.ActiveCfg = Release|Any CPU
		{61460783-1ED4-4A58-95F3-D03C18FC6EA6}.Release|Any CPU.Build.0 = Release|Any CPU
	EndGlobalSection
	GlobalSection(SolutionProperties) = preSolution
		HideSolutionNode = FALSE
	EndGlobalSection
	GlobalSection(ExtensibilityGlobals) = postSolution
		SolutionGuid = {264CF101-9D91-462C-B5DA-2926B5AF07C1}
	EndGlobalSection
EndGlobal
